// !$*UTF8*$!
{
	archiveVersion = 1;
	classes = {
	};
	objectVersion = 50;
	objects = {

/* Begin PBXBuildFile section */
		CE51580024C7F1C60058277D /* AppDelegate.swift in Sources */ = {isa = PBXBuildFile; fileRef = CE5157FF24C7F1C60058277D /* AppDelegate.swift */; };
		CE51580224C7F1C60058277D /* SceneDelegate.swift in Sources */ = {isa = PBXBuildFile; fileRef = CE51580124C7F1C60058277D /* SceneDelegate.swift */; };
		CE51580724C7F1C60058277D /* Main.storyboard in Resources */ = {isa = PBXBuildFile; fileRef = CE51580524C7F1C60058277D /* Main.storyboard */; };
		CE51580924C7F1C90058277D /* Assets.xcassets in Resources */ = {isa = PBXBuildFile; fileRef = CE51580824C7F1C90058277D /* Assets.xcassets */; };
		CE51580C24C7F1C90058277D /* LaunchScreen.storyboard in Resources */ = {isa = PBXBuildFile; fileRef = CE51580A24C7F1C90058277D /* LaunchScreen.storyboard */; };
		CE51581524C7F4090058277D /* books.xcdatamodeld in Sources */ = {isa = PBXBuildFile; fileRef = CE51581324C7F4090058277D /* books.xcdatamodeld */; };
		CE51581724C825BE0058277D /* BooksCell.swift in Sources */ = {isa = PBXBuildFile; fileRef = CE51581624C825BE0058277D /* BooksCell.swift */; };
		CE51581924C826880058277D /* EditBookViewController.swift in Sources */ = {isa = PBXBuildFile; fileRef = CE51581824C826880058277D /* EditBookViewController.swift */; };
		CE51581B24C826E80058277D /* BookTableViewController.swift in Sources */ = {isa = PBXBuildFile; fileRef = CE51581A24C826E80058277D /* BookTableViewController.swift */; };
/* End PBXBuildFile section */

/* Begin PBXFileReference section */
		CE5157FC24C7F1C60058277D /* CoreData0722.app */ = {isa = PBXFileReference; explicitFileType = wrapper.application; includeInIndex = 0; path = CoreData0722.app; sourceTree = BUILT_PRODUCTS_DIR; };
		CE5157FF24C7F1C60058277D /* AppDelegate.swift */ = {isa = PBXFileReference; lastKnownFileType = sourcecode.swift; path = AppDelegate.swift; sourceTree = "<group>"; };
		CE51580124C7F1C60058277D /* SceneDelegate.swift */ = {isa = PBXFileReference; lastKnownFileType = sourcecode.swift; path = SceneDelegate.swift; sourceTree = "<group>"; };
		CE51580624C7F1C60058277D /* Base */ = {isa = PBXFileReference; lastKnownFileType = file.storyboard; name = Base; path = Base.lproj/Main.storyboard; sourceTree = "<group>"; };
		CE51580824C7F1C90058277D /* Assets.xcassets */ = {isa = PBXFileReference; lastKnownFileType = folder.assetcatalog; path = Assets.xcassets; sourceTree = "<group>"; };
		CE51580B24C7F1C90058277D /* Base */ = {isa = PBXFileReference; lastKnownFileType = file.storyboard; name = Base; path = Base.lproj/LaunchScreen.storyboard; sourceTree = "<group>"; };
		CE51580D24C7F1C90058277D /* Info.plist */ = {isa = PBXFileReference; lastKnownFileType = text.plist.xml; path = Info.plist; sourceTree = "<group>"; };
		CE51581424C7F4090058277D /* books.xcdatamodel */ = {isa = PBXFileReference; lastKnownFileType = wrapper.xcdatamodel; path = books.xcdatamodel; sourceTree = "<group>"; };
		CE51581624C825BE0058277D /* BooksCell.swift */ = {isa = PBXFileReference; lastKnownFileType = sourcecode.swift; path = BooksCell.swift; sourceTree = "<group>"; };
		CE51581824C826880058277D /* EditBookViewController.swift */ = {isa = PBXFileReference; lastKnownFileType = sourcecode.swift; path = EditBookViewController.swift; sourceTree = "<group>"; };
		CE51581A24C826E80058277D /* BookTableViewController.swift */ = {isa = PBXFileReference; lastKnownFileType = sourcecode.swift; path = BookTableViewController.swift; sourceTree = "<group>"; };
/* End PBXFileReference section */

/* Begin PBXFrameworksBuildPhase section */
		CE5157F924C7F1C60058277D /* Frameworks */ = {
			isa = PBXFrameworksBuildPhase;
			buildActionMask = 2147483647;
			files = (
			);
			runOnlyForDeploymentPostprocessing = 0;
		};
/* End PBXFrameworksBuildPhase section */

/* Begin PBXGroup section */
		CE5157F324C7F1C60058277D = {
			isa = PBXGroup;
			children = (
				CE5157FE24C7F1C60058277D /* CoreData0722 */,
				CE5157FD24C7F1C60058277D /* Products */,
			);
			sourceTree = "<group>";
		};
		CE5157FD24C7F1C60058277D /* Products */ = {
			isa = PBXGroup;
			children = (
				CE5157FC24C7F1C60058277D /* CoreData0722.app */,
			);
			name = Products;
			sourceTree = "<group>";
		};
		CE5157FE24C7F1C60058277D /* CoreData0722 */ = {
			isa = PBXGroup;
			children = (
				CE51581E24C827300058277D /* Model */,
				CE51581D24C8272C0058277D /* View */,
				CE51581C24C827260058277D /* Controller */,
				CE5157FF24C7F1C60058277D /* AppDelegate.swift */,
				CE51580124C7F1C60058277D /* SceneDelegate.swift */,
				CE51580524C7F1C60058277D /* Main.storyboard */,
				CE51580824C7F1C90058277D /* Assets.xcassets */,
				CE51580A24C7F1C90058277D /* LaunchScreen.storyboard */,
				CE51580D24C7F1C90058277D /* Info.plist */,
			);
			path = CoreData0722;
			sourceTree = "<group>";
		};
		CE51581C24C827260058277D /* Controller */ = {
			isa = PBXGroup;
			children = (
				CE51581A24C826E80058277D /* BookTableViewController.swift */,
				CE51581824C826880058277D /* EditBookViewController.swift */,
			);
			path = Controller;
			sourceTree = "<group>";
		};
		CE51581D24C8272C0058277D /* View */ = {
			isa = PBXGroup;
			children = (
				CE51581624C825BE0058277D /* BooksCell.swift */,
			);
			path = View;
			sourceTree = "<group>";
		};
		CE51581E24C827300058277D /* Model */ = {
			isa = PBXGroup;
			children = (
				CE51581324C7F4090058277D /* books.xcdatamodeld */,
			);
			path = Model;
			sourceTree = "<group>";
		};
/* End PBXGroup section */

/* Begin PBXNativeTarget section */
		CE5157FB24C7F1C60058277D /* CoreData0722 */ = {
			isa = PBXNativeTarget;
			buildConfigurationList = CE51581024C7F1C90058277D /* Build configuration list for PBXNativeTarget "CoreData0722" */;
			buildPhases = (
				CE5157F824C7F1C60058277D /* Sources */,
				CE5157F924C7F1C60058277D /* Frameworks */,
				CE5157FA24C7F1C60058277D /* Resources */,
			);
			buildRules = (
			);
			dependencies = (
			);
			name = CoreData0722;
			productName = CoreData0722;
			productReference = CE5157FC24C7F1C60058277D /* CoreData0722.app */;
			productType = "com.apple.product-type.application";
		};
/* End PBXNativeTarget section */

/* Begin PBXProject section */
		CE5157F424C7F1C60058277D /* Project object */ = {
			isa = PBXProject;
			attributes = {
				LastSwiftUpdateCheck = 1150;
				LastUpgradeCheck = 1150;
				ORGANIZATIONNAME = leslie;
				TargetAttributes = {
					CE5157FB24C7F1C60058277D = {
						CreatedOnToolsVersion = 11.5;
					};
				};
			};
			buildConfigurationList = CE5157F724C7F1C60058277D /* Build configuration list for PBXProject "CoreData0722" */;
			compatibilityVersion = "Xcode 9.3";
			developmentRegion = en;
			hasScannedForEncodings = 0;
			knownRegions = (
				en,
				Base,
			);
			mainGroup = CE5157F324C7F1C60058277D;
			productRefGroup = CE5157FD24C7F1C60058277D /* Products */;
			projectDirPath = "";
			projectRoot = "";
			targets = (
				CE5157FB24C7F1C60058277D /* CoreData0722 */,
			);
		};
/* End PBXProject section */

/* Begin PBXResourcesBuildPhase section */
		CE5157FA24C7F1C60058277D /* Resources */ = {
			isa = PBXResourcesBuildPhase;
			buildActionMask = 2147483647;
			files = (
				CE51580C24C7F1C90058277D /* LaunchScreen.storyboard in Resources */,
				CE51580924C7F1C90058277D /* Assets.xcassets in Resources */,
				CE51580724C7F1C60058277D /* Main.storyboard in Resources */,
			);
			runOnlyForDeploymentPostprocessing = 0;
		};
/* End PBXResourcesBuildPhase section */

/* Begin PBXSourcesBuildPhase section */
		CE5157F824C7F1C60058277D /* Sources */ = {
			isa = PBXSourcesBuildPhase;
			buildActionMask = 2147483647;
			files = (
				CE51581724C825BE0058277D /* BooksCell.swift in Sources */,
				CE51581924C826880058277D /* EditBookViewController.swift in Sources */,
				CE51581524C7F4090058277D /* books.xcdatamodeld in Sources */,
				CE51580024C7F1C60058277D /* AppDelegate.swift in Sources */,
				CE51580224C7F1C60058277D /* SceneDelegate.swift in Sources */,
				CE51581B24C826E80058277D /* BookTableViewController.swift in Sources */,
			);
			runOnlyForDeploymentPostprocessing = 0;
		};
/* End PBXSourcesBuildPhase section */

/* Begin PBXVariantGroup section */
		CE51580524C7F1C60058277D /* Main.storyboard */ = {
			isa = PBXVariantGroup;
			children = (
				CE51580624C7F1C60058277D /* Base */,
			);
			name = Main.storyboard;
			sourceTree = "<group>";
		};
		CE51580A24C7F1C90058277D /* LaunchScreen.storyboard */ = {
			isa = PBXVariantGroup;
			children = (
				CE51580B24C7F1C90058277D /* Base */,
			);
			name = LaunchScreen.storyboard;
			sourceTree = "<group>";
		};
/* End PBXVariantGroup section */

/* Begin XCBuildConfiguration section */
		CE51580E24C7F1C90058277D /* Debug */ = {
			isa = XCBuildConfiguration;
			buildSettings = {
				ALWAYS_SEARCH_USER_PATHS = NO;
				CLANG_ANALYZER_NONNULL = YES;
				CLANG_ANALYZER_NUMBER_OBJECT_CONVERSION = YES_AGGRESSIVE;
				CLANG_CXX_LANGUAGE_STANDARD = "gnu++14";
				CLANG_CXX_LIBRARY = "libc++";
				CLANG_ENABLE_MODULES = YES;
				CLANG_ENABLE_OBJC_ARC = YES;
				CLANG_ENABLE_OBJC_WEAK = YES;
				CLANG_WARN_BLOCK_CAPTURE_AUTORELEASING = YES;
				CLANG_WARN_BOOL_CONVERSION = YES;
				CLANG_WARN_COMMA = YES;
				CLANG_WARN_CONSTANT_CONVERSION = YES;
				CLANG_WARN_DEPRECATED_OBJC_IMPLEMENTATIONS = YES;
				CLANG_WARN_DIRECT_OBJC_ISA_USAGE = YES_ERROR;
				CLANG_WARN_DOCUMENTATION_COMMENTS = YES;
				CLANG_WARN_EMPTY_BODY = YES;
				CLANG_WARN_ENUM_CONVERSION = YES;
				CLANG_WARN_INFINITE_RECURSION = YES;
				CLANG_WARN_INT_CONVERSION = YES;
				CLANG_WARN_NON_LITERAL_NULL_CONVERSION = YES;
				CLANG_WARN_OBJC_IMPLICIT_RETAIN_SELF = YES;
				CLANG_WARN_OBJC_LITERAL_CONVERSION = YES;
				CLANG_WARN_OBJC_ROOT_CLASS = YES_ERROR;
				CLANG_WARN_RANGE_LOOP_ANALYSIS = YES;
				CLANG_WARN_STRICT_PROTOTYPES = YES;
				CLANG_WARN_SUSPICIOUS_MOVE = YES;
				CLANG_WARN_UNGUARDED_AVAILABILITY = YES_AGGRESSIVE;
				CLANG_WARN_UNREACHABLE_CODE = YES;
				CLANG_WARN__DUPLICATE_METHOD_MATCH = YES;
				COPY_PHASE_STRIP = NO;
				DEBUG_INFORMATION_FORMAT = dwarf;
				ENABLE_STRICT_OBJC_MSGSEND = YES;
				ENABLE_TESTABILITY = YES;
				GCC_C_LANGUAGE_STANDARD = gnu11;
				GCC_DYNAMIC_NO_PIC = NO;
				GCC_NO_COMMON_BLOCKS = YES;
				GCC_OPTIMIZATION_LEVEL = 0;
				GCC_PREPROCESSOR_DEFINITIONS = (
					"DEBUG=1",
					"$(inherited)",
				);
				GCC_WARN_64_TO_32_BIT_CONVERSION = YES;
				GCC_WARN_ABOUT_RETURN_TYPE = YES_ERROR;
				GCC_WARN_UNDECLARED_SELECTOR = YES;
				GCC_WARN_UNINITIALIZED_AUTOS = YES_AGGRESSIVE;
				GCC_WARN_UNUSED_FUNCTION = YES;
				GCC_WARN_UNUSED_VARIABLE = YES;
				IPHONEOS_DEPLOYMENT_TARGET = 13.5;
				MTL_ENABLE_DEBUG_INFO = INCLUDE_SOURCE;
				MTL_FAST_MATH = YES;
				ONLY_ACTIVE_ARCH = YES;
				SDKROOT = iphoneos;
				SWIFT_ACTIVE_COMPILATION_CONDITIONS = DEBUG;
				SWIFT_OPTIMIZATION_LEVEL = "-Onone";
			};
			name = Debug;
		};
		CE51580F24C7F1C90058277D /* Release */ = {
			isa = XCBuildConfiguration;
			buildSettings = {
				ALWAYS_SEARCH_USER_PATHS = NO;
				CLANG_ANALYZER_NONNULL = YES;
				CLANG_ANALYZER_NUMBER_OBJECT_CONVERSION = YES_AGGRESSIVE;
				CLANG_CXX_LANGUAGE_STANDARD = "gnu++14";
				CLANG_CXX_LIBRARY = "libc++";
				CLANG_ENABLE_MODULES = YES;
				CLANG_ENABLE_OBJC_ARC = YES;
				CLANG_ENABLE_OBJC_WEAK = YES;
				CLANG_WARN_BLOCK_CAPTURE_AUTORELEASING = YES;
				CLANG_WARN_BOOL_CONVERSION = YES;
				CLANG_WARN_COMMA = YES;
				CLANG_WARN_CONSTANT_CONVERSION = YES;
				CLANG_WARN_DEPRECATED_OBJC_IMPLEMENTATIONS = YES;
				CLANG_WARN_DIRECT_OBJC_ISA_USAGE = YES_ERROR;
				CLANG_WARN_DOCUMENTATION_COMMENTS = YES;
				CLANG_WARN_EMPTY_BODY = YES;
				CLANG_WARN_ENUM_CONVERSION = YES;
				CLANG_WARN_INFINITE_RECURSION = YES;
				CLANG_WARN_INT_CONVERSION = YES;
				CLANG_WARN_NON_LITERAL_NULL_CONVERSION = YES;
				CLANG_WARN_OBJC_IMPLICIT_RETAIN_SELF = YES;
				CLANG_WARN_OBJC_LITERAL_CONVERSION = YES;
				CLANG_WARN_OBJC_ROOT_CLASS = YES_ERROR;
				CLANG_WARN_RANGE_LOOP_ANALYSIS = YES;
				CLANG_WARN_STRICT_PROTOTYPES = YES;
				CLANG_WARN_SUSPICIOUS_MOVE = YES;
				CLANG_WARN_UNGUARDED_AVAILABILITY = YES_AGGRESSIVE;
				CLANG_WARN_UNREACHABLE_CODE = YES;
				CLANG_WARN__DUPLICATE_METHOD_MATCH = YES;
				COPY_PHASE_STRIP = NO;
				DEBUG_INFORMATION_FORMAT = "dwarf-with-dsym";
				ENABLE_NS_ASSERTIONS = NO;
				ENABLE_STRICT_OBJC_MSGSEND = YES;
				GCC_C_LANGUAGE_STANDARD = gnu11;
				GCC_NO_COMMON_BLOCKS = YES;
				GCC_WARN_64_TO_32_BIT_CONVERSION = YES;
				GCC_WARN_ABOUT_RETURN_TYPE = YES_ERROR;
				GCC_WARN_UNDECLARED_SELECTOR = YES;
				GCC_WARN_UNINITIALIZED_AUTOS = YES_AGGRESSIVE;
				GCC_WARN_UNUSED_FUNCTION = YES;
				GCC_WARN_UNUSED_VARIABLE = YES;
				IPHONEOS_DEPLOYMENT_TARGET = 13.5;
				MTL_ENABLE_DEBUG_INFO = NO;
				MTL_FAST_MATH = YES;
				SDKROOT = iphoneos;
				SWIFT_COMPILATION_MODE = wholemodule;
				SWIFT_OPTIMIZATION_LEVEL = "-O";
				VALIDATE_PRODUCT = YES;
			};
			name = Release;
		};
		CE51581124C7F1C90058277D /* Debug */ = {
			isa = XCBuildConfiguration;
			buildSettings = {
				ASSETCATALOG_COMPILER_APPICON_NAME = AppIcon;
				CODE_SIGN_STYLE = Automatic;
				DEVELOPMENT_TEAM = PDY29GF949;
				INFOPLIST_FILE = CoreData0722/Info.plist;
				LD_RUNPATH_SEARCH_PATHS = (
					"$(inherited)",
					"@executable_path/Frameworks",
				);
				PRODUCT_BUNDLE_IDENTIFIER = com.gmail.appl.leslie.CoreData0722;
				PRODUCT_NAME = "$(TARGET_NAME)";
				SWIFT_VERSION = 5.0;
				TARGETED_DEVICE_FAMILY = 1;
			};
			name = Debug;
		};
		CE51581224C7F1C90058277D /* Release */ = {
			isa = XCBuildConfiguration;
			buildSettings = {
				ASSETCATALOG_COMPILER_APPICON_NAME = AppIcon;
				CODE_SIGN_STYLE = Automatic;
				DEVELOPMENT_TEAM = PDY29GF949;
				INFOPLIST_FILE = CoreData0722/Info.plist;
				LD_RUNPATH_SEARCH_PATHS = (
					"$(inherited)",
					"@executable_path/Frameworks",
				);
				PRODUCT_BUNDLE_IDENTIFIER = com.gmail.appl.leslie.CoreData0722;
				PRODUCT_NAME = "$(TARGET_NAME)";
				SWIFT_VERSION = 5.0;
				TARGETED_DEVICE_FAMILY = 1;
			};
			name = Release;
		};
/* End XCBuildConfiguration section */

/* Begin XCConfigurationList section */
		CE5157F724C7F1C60058277D /* Build configuration list for PBXProject "CoreData0722" */ = {
			isa = XCConfigurationList;
			buildConfigurations = (
				CE51580E24C7F1C90058277D /* Debug */,
				CE51580F24C7F1C90058277D /* Release */,
			);
			defaultConfigurationIsVisible = 0;
			defaultConfigurationName = Release;
		};
		CE51581024C7F1C90058277D /* Build configuration list for PBXNativeTarget "CoreData0722" */ = {
			isa = XCConfigurationList;
			buildConfigurations = (
				CE51581124C7F1C90058277D /* Debug */,
				CE51581224C7F1C90058277D /* Release */,
			);
			defaultConfigurationIsVisible = 0;
			defaultConfigurationName = Release;
		};
/* End XCConfigurationList section */

/* Begin XCVersionGroup section */
		CE51581324C7F4090058277D /* books.xcdatamodeld */ = {
			isa = XCVersionGroup;
			children = (
				CE51581424C7F4090058277D /* books.xcdatamodel */,
			);
			currentVersion = CE51581424C7F4090058277D /* books.xcdatamodel */;
			path = books.xcdatamodeld;
			sourceTree = "<group>";
			versionGroupType = wrapper.xcdatamodel;
		};
/* End XCVersionGroup section */
	};
	rootObject = CE5157F424C7F1C60058277D /* Project object */;
}
